# THIS IS AN AUTOGENERATED FILE. DO NOT EDIT THIS FILE DIRECTLY.
# yarn lockfile v1


"@descope/access-key-management-widget@0.1.123":
  version "0.1.123"
  resolved "https://registry.yarnpkg.com/@descope/access-key-management-widget/-/access-key-management-widget-0.1.123.tgz#9e3b6173b3ff6e4e27eba651f53fbb50c6e0625e"
  integrity sha512-B2oR/9idGKoM6qXfCmIZ8QSrEDADC8t2K1nnfL/qLMtPBcKIo1wPyfG5bJDGjF3nTWXTLrrpmZNvOFDMpyIJiQ==
  dependencies:
    "@descope/sdk-component-drivers" "0.2.42"
    "@descope/sdk-helpers" "0.1.60"
    "@descope/sdk-mixins" "0.3.2"
    "@descope/web-js-sdk" "1.16.6"
    "@reduxjs/toolkit" "^2.0.1"
    immer "^10.0.3"
    redux "5.0.1"
    redux-thunk "3.1.0"
    reselect "5.1.1"
    tslib "2.6.3"

"@descope/audit-management-widget@0.1.87":
  version "0.1.87"
  resolved "https://registry.yarnpkg.com/@descope/audit-management-widget/-/audit-management-widget-0.1.87.tgz#17ac6cb07c73af4d8d28eed7b66409ac8e5914a6"
  integrity sha512-0zAlypq3UqelBAU4kZd5poYZwW7tE9xI/t0GYcTHkKG4qUPwg1hexs4G4Qc8q1MhEnP/JpzAgqHAn2fWLyI6gQ==
  dependencies:
    "@descope/sdk-component-drivers" "0.2.42"
    "@descope/sdk-helpers" "0.1.60"
    "@descope/sdk-mixins" "0.3.2"
    "@descope/web-js-sdk" "1.16.6"
    "@reduxjs/toolkit" "^2.0.1"
    immer "^10.0.3"
    redux "5.0.1"
    redux-thunk "3.1.0"
    reselect "5.1.1"
    tslib "2.6.3"

"@descope/core-js-sdk@2.23.3":
  version "2.23.3"
  resolved "https://registry.yarnpkg.com/@descope/core-js-sdk/-/core-js-sdk-2.23.3.tgz#97c1eb903e6b9ba743ad5cb6885ee4bf0f1c7ba7"
  integrity sha512-0UuwLkS4dcP7mRCiFjgMCpSbngTadywpUAr37T9mT0p7z9CeLL/Jj6AX1L2/2TDzOzJ4URIPTeTr1NXH3PJ9iQ==
  dependencies:
    jwt-decode "3.1.2"

"@descope/core-js-sdk@2.25.1":
  version "2.25.1"
  resolved "https://registry.yarnpkg.com/@descope/core-js-sdk/-/core-js-sdk-2.25.1.tgz#8309f2f6d0db4359a898bd8206404ffea3bfa95a"
  integrity sha512-qncEFoHHiz4dyOdgLvegReMmHB6BVvHculS1Z+qgFyikYeuh7LjZop3uQphU8RDr9o404FtiGaddzedq3U9Llg==
  dependencies:
    jwt-decode "4.0.0"

"@descope/nextjs-sdk@^0.2.10":
  version "0.2.10"
  resolved "https://registry.yarnpkg.com/@descope/nextjs-sdk/-/nextjs-sdk-0.2.10.tgz#0967e01da94a6c4129fc908bebb574c43b8d1f01"
  integrity sha512-faZHxQ2JUXnSnJACN1uZhM3rEUv1jKg0IMJjUUz9CvJVlv6LhZdLJD+kc0TxiG5k1BJurR4OmHjiJOyqnQpNmg==
  dependencies:
    "@descope/core-js-sdk" "2.25.1"
    "@descope/node-sdk" "1.6.9"
    "@descope/react-sdk" "2.0.76"
    "@descope/web-component" "3.25.1"
  optionalDependencies:
    "@descope/web-js-sdk" ">=1"

"@descope/node-sdk@1.6.9":
  version "1.6.9"
  resolved "https://registry.yarnpkg.com/@descope/node-sdk/-/node-sdk-1.6.9.tgz#eb5c8caeff5fe4d46ea9351a65706a5a882ecaab"
  integrity sha512-C4zspOsIPLkvwn6zIztWN0wmZCpfRnONmc3j6wUpjtp848InJVC2B3P1UAz3OMH/w/Jyayo5c4m5WuVwdrPfjA==
  dependencies:
    "@descope/core-js-sdk" "2.23.3"
    cross-fetch "^4.0.0"
    jose "5.2.2"
    tslib "^2.0.0"

"@descope/react-sdk@2.0.76":
  version "2.0.76"
  resolved "https://registry.yarnpkg.com/@descope/react-sdk/-/react-sdk-2.0.76.tgz#9fda5b31f77dad69e93e277931dcc8448610c904"
  integrity sha512-0xSML4E2SKKrpxBhyemNulSsLet5Z8nQzBizNDnBSSxaMq3Ce87QIO8aOEQNdWR55iiZPW9s6dglofZMyYyR1Q==
  dependencies:
    "@descope/access-key-management-widget" "0.1.123"
    "@descope/audit-management-widget" "0.1.87"
    "@descope/core-js-sdk" "2.25.1"
    "@descope/role-management-widget" "0.1.121"
    "@descope/user-management-widget" "0.4.124"
    "@descope/user-profile-widget" "0.0.105"
    "@descope/web-component" "3.25.1"
    "@descope/web-js-sdk" "1.16.6"

"@descope/role-management-widget@0.1.121":
  version "0.1.121"
  resolved "https://registry.yarnpkg.com/@descope/role-management-widget/-/role-management-widget-0.1.121.tgz#720ef60ef681f7a8bf2a66870f4dffda189818d1"
  integrity sha512-wbaiKdi/JkIKAw4U4JyFUKScCaR550cxaXdYDfc+abu/ta3r0DSJjuhoQjKOQ9Qy7rEPchSOE/GZ+zUnA05GnQ==
  dependencies:
    "@descope/sdk-component-drivers" "0.2.42"
    "@descope/sdk-helpers" "0.1.60"
    "@descope/sdk-mixins" "0.3.2"
    "@descope/web-js-sdk" "1.16.6"
    "@reduxjs/toolkit" "^2.0.1"
    immer "^10.0.3"
    redux "5.0.1"
    redux-thunk "3.1.0"
    reselect "5.1.1"
    tslib "2.6.3"

"@descope/sdk-component-drivers@0.2.42":
  version "0.2.42"
  resolved "https://registry.yarnpkg.com/@descope/sdk-component-drivers/-/sdk-component-drivers-0.2.42.tgz#bca50bd909f5918036c0a331b811861e7b7e03d1"
  integrity sha512-2HGVnOHGml8AW1maCdf5b9/ZN3tFo/NEUEgerkySo/hBMedVZ0tEclEadfGnoe/xFY4+Mr3xzjJOfqlPZOHjFg==
  dependencies:
    "@descope/sdk-helpers" "0.1.60"
    tslib "2.6.3"

"@descope/sdk-helpers@0.1.60":
  version "0.1.60"
  resolved "https://registry.yarnpkg.com/@descope/sdk-helpers/-/sdk-helpers-0.1.60.tgz#e5dd377e88fd58de59c4ccbaa4b169f1363de019"
  integrity sha512-fu0GSSaMJcEgpbu1wz3mDiVHDeIjROphv705K8XT5nPyvhzHSypJwP0rs8L7DZ992g6dcFzFnBGSi6cSzI8Z7g==
  dependencies:
    tslib "2.6.3"

"@descope/sdk-mixins@0.3.2":
  version "0.3.2"
  resolved "https://registry.yarnpkg.com/@descope/sdk-mixins/-/sdk-mixins-0.3.2.tgz#2e313a969e320cf3049740686757b5b49386ecd2"
  integrity sha512-NNwelQOBMvkWdZEglmJl8x2LArI1DdgNBRuFCM7ViqYnLYyiLcKTHqSsiDeDJv1Ks5NLkdwkOCUoK6O3NhPGSQ==
  dependencies:
    "@descope/sdk-component-drivers" "0.2.42"
    "@descope/sdk-helpers" "0.1.60"
    tslib "2.6.3"

"@descope/user-management-widget@0.4.124":
  version "0.4.124"
  resolved "https://registry.yarnpkg.com/@descope/user-management-widget/-/user-management-widget-0.4.124.tgz#c483b497749649fcb6ab4e2154603581a18b136f"
  integrity sha512-fsjdrS/g/7HgTDrw7yfgo5DHxUj7A/yDXFGCsNC+b3fUNj1zMJzbqu55sRbYSjEqu3WFf+tyQL/3CVOz19V9Ww==
  dependencies:
    "@descope/sdk-component-drivers" "0.2.42"
    "@descope/sdk-helpers" "0.1.60"
    "@descope/sdk-mixins" "0.3.2"
    "@descope/web-js-sdk" "1.16.6"
    "@reduxjs/toolkit" "^2.0.1"
    immer "^10.0.3"
    libphonenumber-js "1.11.4"
    redux "5.0.1"
    redux-thunk "3.1.0"
    reselect "5.1.1"
    tslib "2.6.3"

"@descope/user-profile-widget@0.0.105":
  version "0.0.105"
  resolved "https://registry.yarnpkg.com/@descope/user-profile-widget/-/user-profile-widget-0.0.105.tgz#f92dcc1f06d918eaecc125c2334ff9c6f32a2a8f"
  integrity sha512-7gPxnbsKDEh9CNVAZFy9jrEM0tW0cy28uFsd3jchtt01ZAPiWu95+s3XOi+7RzY0qtlG3+EIlB3kSsBJ3/wK5w==
  dependencies:
    "@descope/sdk-component-drivers" "0.2.42"
    "@descope/sdk-helpers" "0.1.60"
    "@descope/sdk-mixins" "0.3.2"
    "@descope/web-component" "3.25.1"
    "@descope/web-js-sdk" "1.16.6"
    "@reduxjs/toolkit" "^2.0.1"
    immer "^10.0.3"
    redux "5.0.1"
    redux-thunk "3.1.0"
    reselect "5.1.1"
    tslib "2.6.3"
  optionalDependencies:
    "@descope/core-js-sdk" "2.25.1"

"@descope/web-component@3.25.1":
  version "3.25.1"
  resolved "https://registry.yarnpkg.com/@descope/web-component/-/web-component-3.25.1.tgz#40db672325f6f223760b5256a713ab0029505f05"
  integrity sha512-tKz+dwv71b8d4L8fK49DwwZw3NryN8auBQPumFcIQR/xmsO/+fEcByC1gRkKCfuoc0XZlihbPmbCW8etorvbTg==
  dependencies:
    "@descope/sdk-helpers" "0.1.60"
    "@descope/sdk-mixins" "0.3.2"
    "@descope/web-js-sdk" "1.16.6"
    "@fingerprintjs/fingerprintjs-pro" "3.9.9"
    tslib "2.6.3"

"@descope/web-js-sdk@1.16.6", "@descope/web-js-sdk@>=1":
  version "1.16.6"
  resolved "https://registry.yarnpkg.com/@descope/web-js-sdk/-/web-js-sdk-1.16.6.tgz#4848644e10d78466b0ed7d428410d6c74dee7975"
  integrity sha512-Mxv9A7IN8zz0J0ey/wJJr/ZRUapNAI9PxLwOd3v5SmVbE8/cumocOM8P/BZBZxFDKhpN1OpMLsEhrdtGoxczhg==
  dependencies:
    "@descope/core-js-sdk" "2.25.1"
    "@fingerprintjs/fingerprintjs-pro" "3.9.9"
    js-cookie "3.0.5"
    jwt-decode "4.0.0"
    tslib "2.6.3"

"@fingerprintjs/fingerprintjs-pro@3.9.9":
  version "3.9.9"
  resolved "https://registry.yarnpkg.com/@fingerprintjs/fingerprintjs-pro/-/fingerprintjs-pro-3.9.9.tgz#329115cd08b618e4fb3d48bbdb342f4fa4e652b1"
  integrity sha512-Fce0AKrLqzYXSQQGLGafZmX+uG9OPfy4p1/aCvhpmsm/tsenwh+szuaOTxc3ieQMBtt+EYwXm2vxyya3/Ml0ZQ==
  dependencies:
    tslib "^2.4.1"

"@next/env@13.5.3":
  version "13.5.3"
  resolved "https://registry.yarnpkg.com/@next/env/-/env-13.5.3.tgz#402da9a0af87f93d853519f0c2a602b1ab637c2c"
  integrity sha512-X4te86vsbjsB7iO4usY9jLPtZ827Mbx+WcwNBGUOIuswuTAKQtzsuoxc/6KLxCMvogKG795MhrR1LDhYgDvasg==

"@next/swc-darwin-arm64@13.5.3":
  version "13.5.3"
  resolved "https://registry.yarnpkg.com/@next/swc-darwin-arm64/-/swc-darwin-arm64-13.5.3.tgz#f72eac8c7b71d33e0768bd3c8baf68b00fea0160"
  integrity sha512-6hiYNJxJmyYvvKGrVThzo4nTcqvqUTA/JvKim7Auaj33NexDqSNwN5YrrQu+QhZJCIpv2tULSHt+lf+rUflLSw==

"@next/swc-darwin-x64@13.5.3":
  version "13.5.3"
  resolved "https://registry.yarnpkg.com/@next/swc-darwin-x64/-/swc-darwin-x64-13.5.3.tgz#96eda3a1247a713579eb241d76d3f503291c8938"
  integrity sha512-UpBKxu2ob9scbpJyEq/xPgpdrgBgN3aLYlxyGqlYX5/KnwpJpFuIHU2lx8upQQ7L+MEmz+fA1XSgesoK92ppwQ==

"@next/swc-linux-arm64-gnu@13.5.3":
  version "13.5.3"
  resolved "https://registry.yarnpkg.com/@next/swc-linux-arm64-gnu/-/swc-linux-arm64-gnu-13.5.3.tgz#132e155a029310fffcdfd3e3c4255f7ce9fd2714"
  integrity sha512-5AzM7Yx1Ky+oLY6pHs7tjONTF22JirDPd5Jw/3/NazJ73uGB05NqhGhB4SbeCchg7SlVYVBeRMrMSZwJwq/xoA==

"@next/swc-linux-arm64-musl@13.5.3":
  version "13.5.3"
  resolved "https://registry.yarnpkg.com/@next/swc-linux-arm64-musl/-/swc-linux-arm64-musl-13.5.3.tgz#981d7d8fdcf040bd0c89588ef4139c28805f5cf1"
  integrity sha512-A/C1shbyUhj7wRtokmn73eBksjTM7fFQoY2v/0rTM5wehpkjQRLOXI8WJsag2uLhnZ4ii5OzR1rFPwoD9cvOgA==

"@next/swc-linux-x64-gnu@13.5.3":
  version "13.5.3"
  resolved "https://registry.yarnpkg.com/@next/swc-linux-x64-gnu/-/swc-linux-x64-gnu-13.5.3.tgz#b8263663acda7b84bc2c4ffa39ca4b0172a78060"
  integrity sha512-FubPuw/Boz8tKkk+5eOuDHOpk36F80rbgxlx4+xty/U71e3wZZxVYHfZXmf0IRToBn1Crb8WvLM9OYj/Ur815g==

"@next/swc-linux-x64-musl@13.5.3":
  version "13.5.3"
  resolved "https://registry.yarnpkg.com/@next/swc-linux-x64-musl/-/swc-linux-x64-musl-13.5.3.tgz#cd0bed8ee92032c25090bed9d95602ac698d925f"
  integrity sha512-DPw8nFuM1uEpbX47tM3wiXIR0Qa+atSzs9Q3peY1urkhofx44o7E1svnq+a5Q0r8lAcssLrwiM+OyJJgV/oj7g==

"@next/swc-win32-arm64-msvc@13.5.3":
  version "13.5.3"
  resolved "https://registry.yarnpkg.com/@next/swc-win32-arm64-msvc/-/swc-win32-arm64-msvc-13.5.3.tgz#7f556674ca97e6936220d10c58252cc36522d80a"
  integrity sha512-zBPSP8cHL51Gub/YV8UUePW7AVGukp2D8JU93IHbVDu2qmhFAn9LWXiOOLKplZQKxnIPUkJTQAJDCWBWU4UWUA==

"@next/swc-win32-ia32-msvc@13.5.3":
  version "13.5.3"
  resolved "https://registry.yarnpkg.com/@next/swc-win32-ia32-msvc/-/swc-win32-ia32-msvc-13.5.3.tgz#4912721fb8695f11daec4cde42e73dc57bcc479f"
  integrity sha512-ONcL/lYyGUj4W37D4I2I450SZtSenmFAvapkJQNIJhrPMhzDU/AdfLkW98NvH1D2+7FXwe7yclf3+B7v28uzBQ==

"@next/swc-win32-x64-msvc@13.5.3":
  version "13.5.3"
  resolved "https://registry.yarnpkg.com/@next/swc-win32-x64-msvc/-/swc-win32-x64-msvc-13.5.3.tgz#97340a709febb60ff73003566b99d127d4e5b881"
  integrity sha512-2Vz2tYWaLqJvLcWbbTlJ5k9AN6JD7a5CN2pAeIzpbecK8ZF/yobA39cXtv6e+Z8c5UJuVOmaTldEAIxvsIux/Q==

"@reduxjs/toolkit@^2.0.1":
  version "2.2.7"
  resolved "https://registry.yarnpkg.com/@reduxjs/toolkit/-/toolkit-2.2.7.tgz#199e3d10ccb39267cb5aee92c0262fd9da7fdfb2"
  integrity sha512-faI3cZbSdFb8yv9dhDTmGwclW0vk0z5o1cia+kf7gCbaCwHI5e+7tP57mJUv22pNcNbeA62GSrPpfrUfdXcQ6g==
  dependencies:
    immer "^10.0.3"
    redux "^5.0.1"
    redux-thunk "^3.1.0"
    reselect "^5.1.0"

"@swc/helpers@0.5.2":
  version "0.5.2"
  resolved "https://registry.yarnpkg.com/@swc/helpers/-/helpers-0.5.2.tgz#85ea0c76450b61ad7d10a37050289eded783c27d"
  integrity sha512-E4KcWTpoLHqwPHLxidpOqQbcrZVgi0rsmmZXUle1jXmJfuIf/UWpczUJ7MZZ5tlxytgJXyp0w4PGkkeLiuIdZw==
  dependencies:
    tslib "^2.4.0"

busboy@1.6.0:
  version "1.6.0"
  resolved "https://registry.yarnpkg.com/busboy/-/busboy-1.6.0.tgz#966ea36a9502e43cdb9146962523b92f531f6893"
  integrity sha512-8SFQbg/0hQ9xy3UNTB0YEnsNBbWfhf7RtnzpL7TkBiTBRfrQ9Fxcnz7VJsleJpyp6rVLvXiuORqjlHi5q+PYuA==
  dependencies:
    streamsearch "^1.1.0"

caniuse-lite@^1.0.30001406:
  version "1.0.30001662"
  resolved "https://registry.yarnpkg.com/caniuse-lite/-/caniuse-lite-1.0.30001662.tgz#3574b22dfec54a3f3b6787331da1040fe8e763ec"
  integrity sha512-sgMUVwLmGseH8ZIrm1d51UbrhqMCH3jvS7gF/M6byuHOnKyLOBL7W8yz5V02OHwgLGA36o/AFhWzzh4uc5aqTA==

client-only@0.0.1:
  version "0.0.1"
  resolved "https://registry.yarnpkg.com/client-only/-/client-only-0.0.1.tgz#38bba5d403c41ab150bff64a95c85013cf73bca1"
  integrity sha512-IV3Ou0jSMzZrd3pZ48nLkT9DA7Ag1pnPzaiQhpW7c3RbcqqzvzzVu+L8gfqMp/8IM2MQtSiqaCxrrcfu8I8rMA==

cross-fetch@^4.0.0:
  version "4.0.0"
  resolved "https://registry.yarnpkg.com/cross-fetch/-/cross-fetch-4.0.0.tgz#f037aef1580bb3a1a35164ea2a848ba81b445983"
  integrity sha512-e4a5N8lVvuLgAWgnCrLr2PP0YyDOTHa9H/Rj54dirp61qXnNq46m82bRhNqIA5VccJtWBvPTFRV3TtvHUKPB1g==
  dependencies:
    node-fetch "^2.6.12"

glob-to-regexp@^0.4.1:
  version "0.4.1"
  resolved "https://registry.yarnpkg.com/glob-to-regexp/-/glob-to-regexp-0.4.1.tgz#c75297087c851b9a578bd217dd59a92f59fe546e"
  integrity sha512-lkX1HJXwyMcprw/5YUZc2s7DrpAiHB21/V+E1rHUrVNokkvB6bqMzT0VfV6/86ZNabt1k14YOIaT7nDvOX3Iiw==

graceful-fs@^4.1.2:
  version "4.2.11"
  resolved "https://registry.yarnpkg.com/graceful-fs/-/graceful-fs-4.2.11.tgz#4183e4e8bf08bb6e05bbb2f7d2e0c8f712ca40e3"
  integrity sha512-RbJ5/jmFcNNCcDV5o9eTnBLJ/HszWV0P73bc+Ff4nS/rJj+YaS6IGyiOL0VoBYX+l1Wrl3k63h/KrH+nhJ0XvQ==

immer@^10.0.3:
  version "10.1.1"
  resolved "https://registry.yarnpkg.com/immer/-/immer-10.1.1.tgz#206f344ea372d8ea176891545ee53ccc062db7bc"
  integrity sha512-s2MPrmjovJcoMaHtx6K11Ra7oD05NT97w1IC5zpMkT6Atjr7H8LjaDd81iIxUYpMKSRRNMJE703M1Fhr/TctHw==

jose@5.2.2:
  version "5.2.2"
  resolved "https://registry.yarnpkg.com/jose/-/jose-5.2.2.tgz#b91170e9ba6dbe609b0c0a86568f9a1fbe4335c0"
  integrity sha512-/WByRr4jDcsKlvMd1dRJnPfS1GVO3WuKyaurJ/vvXcOaUQO8rnNObCQMlv/5uCceVQIq5Q4WLF44ohsdiTohdg==

js-cookie@3.0.5:
  version "3.0.5"
  resolved "https://registry.yarnpkg.com/js-cookie/-/js-cookie-3.0.5.tgz#0b7e2fd0c01552c58ba86e0841f94dc2557dcdbc"
  integrity sha512-cEiJEAEoIbWfCZYKWhVwFuvPX1gETRYPw6LlaTKoxD3s2AkXzkCjnp6h0V77ozyqj0jakteJ4YqDJT830+lVGw==

"js-tokens@^3.0.0 || ^4.0.0":
  version "4.0.0"
  resolved "https://registry.yarnpkg.com/js-tokens/-/js-tokens-4.0.0.tgz#19203fb59991df98e3a287050d4647cdeaf32499"
  integrity sha512-RdJUflcE3cUzKiMqQgsCu06FPu9UdIJO0beYbPhHN4k6apgJtifcoCtT9bcxOpYBtpD2kCM6Sbzg4CausW/PKQ==

jwt-decode@3.1.2:
  version "3.1.2"
  resolved "https://registry.yarnpkg.com/jwt-decode/-/jwt-decode-3.1.2.tgz#3fb319f3675a2df0c2895c8f5e9fa4b67b04ed59"
  integrity sha512-UfpWE/VZn0iP50d8cz9NrZLM9lSWhcJ+0Gt/nm4by88UL+J1SiKN8/5dkjMmbEzwL2CAe+67GsegCbIKtbp75A==

jwt-decode@4.0.0:
  version "4.0.0"
  resolved "https://registry.yarnpkg.com/jwt-decode/-/jwt-decode-4.0.0.tgz#2270352425fd413785b2faf11f6e755c5151bd4b"
  integrity sha512-+KJGIyHgkGuIq3IEBNftfhW/LfWhXUIY6OmyVWjliu5KH1y0fw7VQ8YndE2O4qZdMSd9SqbnC8GOcZEy0Om7sA==

libphonenumber-js@1.11.4:
  version "1.11.4"
  resolved "https://registry.yarnpkg.com/libphonenumber-js/-/libphonenumber-js-1.11.4.tgz#e63fe553f45661b30bb10bb8c82c9cf2b22ec32a"
  integrity sha512-F/R50HQuWWYcmU/esP5jrH5LiWYaN7DpN0a/99U8+mnGGtnx8kmRE+649dQh3v+CowXXZc8vpkf5AmYkO0AQ7Q==

loose-envify@^1.1.0:
  version "1.4.0"
  resolved "https://registry.yarnpkg.com/loose-envify/-/loose-envify-1.4.0.tgz#71ee51fa7be4caec1a63839f7e682d8132d30caf"
  integrity sha512-lyuxPGr/Wfhrlem2CL/UcnUc1zcqKAImBDzukY7Y5F/yQiNdko6+fRLevlw1HgMySw7f611UIY408EtxRSoK3Q==
  dependencies:
    js-tokens "^3.0.0 || ^4.0.0"

nanoid@^3.3.4:
  version "3.3.7"
  resolved "https://registry.yarnpkg.com/nanoid/-/nanoid-3.3.7.tgz#d0c301a691bc8d54efa0a2226ccf3fe2fd656bd8"
  integrity sha512-eSRppjcPIatRIMC1U6UngP8XFcz8MQWGQdt1MTBQ7NaAmvXDfvNxbvWV3x2y6CdEUciCSsDHDQZbhYaB8QEo2g==

next@13.5.3:
  version "13.5.3"
  resolved "https://registry.yarnpkg.com/next/-/next-13.5.3.tgz#631efcbcc9d756c610855d9b94f3d8c4e73ee131"
  integrity sha512-4Nt4HRLYDW/yRpJ/QR2t1v63UOMS55A38dnWv3UDOWGezuY0ZyFO1ABNbD7mulVzs9qVhgy2+ppjdsANpKP1mg==
  dependencies:
    "@next/env" "13.5.3"
    "@swc/helpers" "0.5.2"
    busboy "1.6.0"
    caniuse-lite "^1.0.30001406"
    postcss "8.4.14"
    styled-jsx "5.1.1"
    watchpack "2.4.0"
    zod "3.21.4"
  optionalDependencies:
    "@next/swc-darwin-arm64" "13.5.3"
    "@next/swc-darwin-x64" "13.5.3"
    "@next/swc-linux-arm64-gnu" "13.5.3"
    "@next/swc-linux-arm64-musl" "13.5.3"
    "@next/swc-linux-x64-gnu" "13.5.3"
    "@next/swc-linux-x64-musl" "13.5.3"
    "@next/swc-win32-arm64-msvc" "13.5.3"
    "@next/swc-win32-ia32-msvc" "13.5.3"
    "@next/swc-win32-x64-msvc" "13.5.3"

node-fetch@^2.6.12:
  version "2.7.0"
  resolved "https://registry.yarnpkg.com/node-fetch/-/node-fetch-2.7.0.tgz#d0f0fa6e3e2dc1d27efcd8ad99d550bda94d187d"
  integrity sha512-c4FRfUm/dbcWZ7U+1Wq0AwCyFL+3nt2bEw05wfxSz+DWpWsitgmSgYmy2dQdWyKC1694ELPqMs/YzUSNozLt8A==
  dependencies:
    whatwg-url "^5.0.0"

picocolors@^1.0.0:
  version "1.1.0"
  resolved "https://registry.yarnpkg.com/picocolors/-/picocolors-1.1.0.tgz#5358b76a78cde483ba5cef6a9dc9671440b27d59"
  integrity sha512-TQ92mBOW0l3LeMeyLV6mzy/kWr8lkd/hp3mTg7wYK7zJhuBStmGMBG0BdeDZS/dZx1IukaX6Bk11zcln25o1Aw==

postcss@8.4.14:
  version "8.4.14"
  resolved "https://registry.yarnpkg.com/postcss/-/postcss-8.4.14.tgz#ee9274d5622b4858c1007a74d76e42e56fd21caf"
  integrity sha512-E398TUmfAYFPBSdzgeieK2Y1+1cpdxJx8yXbK/m57nRhKSmk1GB2tO4lbLBtlkfPQTDKfe4Xqv1ASWPpayPEig==
  dependencies:
    nanoid "^3.3.4"
    picocolors "^1.0.0"
    source-map-js "^1.0.2"

react-dom@^18.2.0:
  version "18.3.1"
  resolved "https://registry.yarnpkg.com/react-dom/-/react-dom-18.3.1.tgz#c2265d79511b57d479b3dd3fdfa51536494c5cb4"
  integrity sha512-5m4nQKp+rZRb09LNH59GM4BxTh9251/ylbKIbpe7TpGxfJ+9kv6BLkLBXIjjspbgbnIBNqlI23tRnTWT0snUIw==
  dependencies:
    loose-envify "^1.1.0"
    scheduler "^0.23.2"

react@^18.2.0:
  version "18.3.1"
  resolved "https://registry.yarnpkg.com/react/-/react-18.3.1.tgz#49ab892009c53933625bd16b2533fc754cab2891"
  integrity sha512-wS+hAgJShR0KhEvPJArfuPVN1+Hz1t0Y6n5jLrGQbkb4urgPE/0Rve+1kMB1v/oWgHgm4WIcV+i7F2pTVj+2iQ==
  dependencies:
    loose-envify "^1.1.0"

redux-thunk@3.1.0, redux-thunk@^3.1.0:
  version "3.1.0"
  resolved "https://registry.yarnpkg.com/redux-thunk/-/redux-thunk-3.1.0.tgz#94aa6e04977c30e14e892eae84978c1af6058ff3"
  integrity sha512-NW2r5T6ksUKXCabzhL9z+h206HQw/NJkcLm1GPImRQ8IzfXwRGqjVhKJGauHirT0DAuyy6hjdnMZaRoAcy0Klw==

redux@5.0.1, redux@^5.0.1:
  version "5.0.1"
  resolved "https://registry.yarnpkg.com/redux/-/redux-5.0.1.tgz#97fa26881ce5746500125585d5642c77b6e9447b"
  integrity sha512-M9/ELqF6fy8FwmkpnF0S3YKOqMyoWJ4+CS5Efg2ct3oY9daQvd/Pc71FpGZsVsbl3Cpb+IIcjBDUnnyBdQbq4w==

reselect@5.1.1, reselect@^5.1.0:
  version "5.1.1"
  resolved "https://registry.yarnpkg.com/reselect/-/reselect-5.1.1.tgz#c766b1eb5d558291e5e550298adb0becc24bb72e"
  integrity sha512-K/BG6eIky/SBpzfHZv/dd+9JBFiS4SWV7FIujVyJRux6e45+73RaUHXLmIR1f7WOMaQ0U1km6qwklRQxpJJY0w==

scheduler@^0.23.2:
  version "0.23.2"
  resolved "https://registry.yarnpkg.com/scheduler/-/scheduler-0.23.2.tgz#414ba64a3b282892e944cf2108ecc078d115cdc3"
  integrity sha512-UOShsPwz7NrMUqhR6t0hWjFduvOzbtv7toDH1/hIrfRNIDBnnBWd0CwJTGvTpngVlmwGCdP9/Zl/tVrDqcuYzQ==
  dependencies:
    loose-envify "^1.1.0"

source-map-js@^1.0.2:
  version "1.2.1"
  resolved "https://registry.yarnpkg.com/source-map-js/-/source-map-js-1.2.1.tgz#1ce5650fddd87abc099eda37dcff024c2667ae46"
  integrity sha512-UXWMKhLOwVKb728IUtQPXxfYU+usdybtUrK/8uGE8CQMvrhOpwvzDBwj0QhSL7MQc7vIsISBG8VQ8+IDQxpfQA==

streamsearch@^1.1.0:
  version "1.1.0"
  resolved "https://registry.yarnpkg.com/streamsearch/-/streamsearch-1.1.0.tgz#404dd1e2247ca94af554e841a8ef0eaa238da764"
  integrity sha512-Mcc5wHehp9aXz1ax6bZUyY5afg9u2rv5cqQI3mRrYkGC8rW2hM02jWuwjtL++LS5qinSyhj2QfLyNsuc+VsExg==

styled-jsx@5.1.1:
  version "5.1.1"
  resolved "https://registry.yarnpkg.com/styled-jsx/-/styled-jsx-5.1.1.tgz#839a1c3aaacc4e735fed0781b8619ea5d0009d1f"
  integrity sha512-pW7uC1l4mBZ8ugbiZrcIsiIvVx1UmTfw7UkC3Um2tmfUq9Bhk8IiyEIPl6F8agHgjzku6j0xQEZbfA5uSgSaCw==
  dependencies:
    client-only "0.0.1"

tr46@~0.0.3:
  version "0.0.3"
  resolved "https://registry.yarnpkg.com/tr46/-/tr46-0.0.3.tgz#8184fd347dac9cdc185992f3a6622e14b9d9ab6a"
  integrity sha512-N3WMsuqV66lT30CrXNbEjx4GEwlow3v6rr4mCcv6prnfwhS01rkgyFdjPNBYd9br7LpXV1+Emh01fHnq2Gdgrw==

tslib@2.6.3:
  version "2.6.3"
  resolved "https://registry.yarnpkg.com/tslib/-/tslib-2.6.3.tgz#0438f810ad7a9edcde7a241c3d80db693c8cbfe0"
  integrity sha512-xNvxJEOUiWPGhUuUdQgAJPKOOJfGnIyKySOc09XkKsgdUV/3E2zvwZYdejjmRgPCgcym1juLH3226yA7sEFJKQ==

tslib@^2.0.0, tslib@^2.4.0, tslib@^2.4.1:
  version "2.7.0"
  resolved "https://registry.yarnpkg.com/tslib/-/tslib-2.7.0.tgz#d9b40c5c40ab59e8738f297df3087bf1a2690c01"
  integrity sha512-gLXCKdN1/j47AiHiOkJN69hJmcbGTHI0ImLmbYLHykhgeN0jVGola9yVjFgzCUklsZQMW55o+dW7IXv3RCXDzA==

watchpack@2.4.0:
  version "2.4.0"
  resolved "https://registry.yarnpkg.com/watchpack/-/watchpack-2.4.0.tgz#fa33032374962c78113f93c7f2fb4c54c9862a5d"
  integrity sha512-Lcvm7MGST/4fup+ifyKi2hjyIAwcdI4HRgtvTpIUxBRhB+RFtUh8XtDOxUfctVCnhVi+QQj49i91OyvzkJl6cg==
  dependencies:
    glob-to-regexp "^0.4.1"
    graceful-fs "^4.1.2"

webidl-conversions@^3.0.0:
  version "3.0.1"
  resolved "https://registry.yarnpkg.com/webidl-conversions/-/webidl-conversions-3.0.1.tgz#24534275e2a7bc6be7bc86611cc16ae0a5654871"
  integrity sha512-2JAn3z8AR6rjK8Sm8orRC0h/bcl/DqL7tRPdGZ4I1CjdF+EaMLmYxBHyXuKL849eucPFhvBoxMsflfOb8kxaeQ==

whatwg-url@^5.0.0:
  version "5.0.0"
  resolved "https://registry.yarnpkg.com/whatwg-url/-/whatwg-url-5.0.0.tgz#966454e8765462e37644d3626f6742ce8b70965d"
  integrity sha512-saE57nupxk6v3HY35+jzBwYa0rKSy0XR8JSxZPwgLr7ys0IBzhGviA1/TUGJLmSVqs8pb9AnvICXEuOHLprYTw==
  dependencies:
    tr46 "~0.0.3"
    webidl-conversions "^3.0.0"

zod@3.21.4:
  version "3.21.4"
  resolved "https://registry.yarnpkg.com/zod/-/zod-3.21.4.tgz#10882231d992519f0a10b5dd58a38c9dabbb64db"
  integrity sha512-m46AKbrzKVzOzs/DZgVnG5H55N1sv1M8qZU3A8RIKbs3mrACDNeIOeilDymVb2HdmP8uwshOCF4uJ8uM9rCqJw==
